
Microsoft Visual Studio Solution File, Format Version 12.00
# Visual Studio Version 17
VisualStudioVersion = 17.12.35506.116 d17.12
MinimumVisualStudioVersion = 10.0.40219.1
Project("{FAE04EC0-301F-11D3-BF4B-00C04F79EFBC}") = "linqExtra", "linqExtra\linqExtra.csproj", "{1407FBB4-4086-4AC5-9D85-9EE56781FFFE}"
EndProject
Global
	GlobalSection(SolutionConfigurationPlatforms) = preSolution
		Debug|Any CPU = Debug|Any CPU
		Release|Any CPU = Release|Any CPU
	EndGlobalSection
	GlobalSection(ProjectConfigurationPlatforms) = postSolution
		{1407FBB4-4086-4AC5-9D85-9EE56781FFFE}.Debug|Any CPU.ActiveCfg = Debug|Any CPU
		{1407FBB4-4086-4AC5-9D85-9EE56781FFFE}.Debug|Any CPU.Build.0 = Debug|Any CPU
		{1407FBB4-4086-4AC5-9D85-9EE56781FFFE}.Release|Any CPU.ActiveCfg = Release|Any CPU
		{1407FBB4-4086-4AC5-9D85-9EE56781FFFE}.Release|Any CPU.Build.0 = Release|Any CPU
	EndGlobalSection
	GlobalSection(SolutionProperties) = preSolution
		HideSolutionNode = FALSE
	EndGlobalSection
EndGlobal
