
Microsoft Visual Studio Solution File, Format Version 12.00
# Visual Studio Version 17
VisualStudioVersion = 17.10.35027.167
MinimumVisualStudioVersion = 10.0.40219.1
Project("{FAE04EC0-301F-11D3-BF4B-00C04F79EFBC}") = "LinQ_groupBy", "LinQ_groupBy.csproj", "{47053625-1888-4DD6-9856-B5975A91779D}"
EndProject
Global
	GlobalSection(SolutionConfigurationPlatforms) = preSolution
		Debug|Any CPU = Debug|Any CPU
		Release|Any CPU = Release|Any CPU
	EndGlobalSection
	GlobalSection(ProjectConfigurationPlatforms) = postSolution
		{47053625-1888-4DD6-9856-B5975A91779D}.Debug|Any CPU.ActiveCfg = Debug|Any CPU
		{47053625-1888-4DD6-9856-B5975A91779D}.Debug|Any CPU.Build.0 = Debug|Any CPU
		{47053625-1888-4DD6-9856-B5975A91779D}.Release|Any CPU.ActiveCfg = Release|Any CPU
		{47053625-1888-4DD6-9856-B5975A91779D}.Release|Any CPU.Build.0 = Release|Any CPU
	EndGlobalSection
	GlobalSection(SolutionProperties) = preSolution
		HideSolutionNode = FALSE
	EndGlobalSection
	GlobalSection(ExtensibilityGlobals) = postSolution
		SolutionGuid = {EAEE83B1-19C1-4237-A489-1879B05411E6}
	EndGlobalSection
EndGlobal
