
Microsoft Visual Studio Solution File, Format Version 12.00
# Visual Studio Version 17
VisualStudioVersion = 17.10.35027.167
MinimumVisualStudioVersion = 10.0.40219.1
Project("{FAE04EC0-301F-11D3-BF4B-00C04F79EFBC}") = "EmailException", "EmailException.csproj", "{0F80C372-3C96-4413-9EFA-391E5ADE8C07}"
EndProject
Global
	GlobalSection(SolutionConfigurationPlatforms) = preSolution
		Debug|Any CPU = Debug|Any CPU
		Release|Any CPU = Release|Any CPU
	EndGlobalSection
	GlobalSection(ProjectConfigurationPlatforms) = postSolution
		{0F80C372-3C96-4413-9EFA-391E5ADE8C07}.Debug|Any CPU.ActiveCfg = Debug|Any CPU
		{0F80C372-3C96-4413-9EFA-391E5ADE8C07}.Debug|Any CPU.Build.0 = Debug|Any CPU
		{0F80C372-3C96-4413-9EFA-391E5ADE8C07}.Release|Any CPU.ActiveCfg = Release|Any CPU
		{0F80C372-3C96-4413-9EFA-391E5ADE8C07}.Release|Any CPU.Build.0 = Release|Any CPU
	EndGlobalSection
	GlobalSection(SolutionProperties) = preSolution
		HideSolutionNode = FALSE
	EndGlobalSection
	GlobalSection(ExtensibilityGlobals) = postSolution
		SolutionGuid = {8C4E059C-EC56-4A86-8D9C-E7FBA1989315}
	EndGlobalSection
EndGlobal
