
Microsoft Visual Studio Solution File, Format Version 12.00
# Visual Studio Version 17
VisualStudioVersion = 17.11.35327.3
MinimumVisualStudioVersion = 10.0.40219.1
Project("{FAE04EC0-301F-11D3-BF4B-00C04F79EFBC}") = "NumberLinq", "NumberLinq\NumberLinq.csproj", "{58684C7D-5B36-4700-AAB7-51224F4BAEFF}"
EndProject
Global
	GlobalSection(SolutionConfigurationPlatforms) = preSolution
		Debug|Any CPU = Debug|Any CPU
		Release|Any CPU = Release|Any CPU
	EndGlobalSection
	GlobalSection(ProjectConfigurationPlatforms) = postSolution
		{58684C7D-5B36-4700-AAB7-51224F4BAEFF}.Debug|Any CPU.ActiveCfg = Debug|Any CPU
		{58684C7D-5B36-4700-AAB7-51224F4BAEFF}.Debug|Any CPU.Build.0 = Debug|Any CPU
		{58684C7D-5B36-4700-AAB7-51224F4BAEFF}.Release|Any CPU.ActiveCfg = Release|Any CPU
		{58684C7D-5B36-4700-AAB7-51224F4BAEFF}.Release|Any CPU.Build.0 = Release|Any CPU
	EndGlobalSection
	GlobalSection(SolutionProperties) = preSolution
		HideSolutionNode = FALSE
	EndGlobalSection
	GlobalSection(ExtensibilityGlobals) = postSolution
		SolutionGuid = {49373121-0EEB-4ADD-911D-A8F703869EB4}
	EndGlobalSection
EndGlobal
