
Microsoft Visual Studio Solution File, Format Version 12.00
# Visual Studio Version 17
VisualStudioVersion = 17.14.36310.24 d17.14
MinimumVisualStudioVersion = 10.0.40219.1
Project("{FAE04EC0-301F-11D3-BF4B-00C04F79EFBC}") = "Abstraction", "Abstraction\Abstraction.csproj", "{F571AD6C-4151-47B7-936C-DF3EE7610999}"
EndProject
Global
	GlobalSection(SolutionConfigurationPlatforms) = preSolution
		Debug|Any CPU = Debug|Any CPU
		Release|Any CPU = Release|Any CPU
	EndGlobalSection
	GlobalSection(ProjectConfigurationPlatforms) = postSolution
		{F571AD6C-4151-47B7-936C-DF3EE7610999}.Debug|Any CPU.ActiveCfg = Debug|Any CPU
		{F571AD6C-4151-47B7-936C-DF3EE7610999}.Debug|Any CPU.Build.0 = Debug|Any CPU
		{F571AD6C-4151-47B7-936C-DF3EE7610999}.Release|Any CPU.ActiveCfg = Release|Any CPU
		{F571AD6C-4151-47B7-936C-DF3EE7610999}.Release|Any CPU.Build.0 = Release|Any CPU
	EndGlobalSection
	GlobalSection(SolutionProperties) = preSolution
		HideSolutionNode = FALSE
	EndGlobalSection
	GlobalSection(ExtensibilityGlobals) = postSolution
		SolutionGuid = {BBF03A24-07CB-4C4A-8665-4F094903BC74}
	EndGlobalSection
EndGlobal
