
Microsoft Visual Studio Solution File, Format Version 12.00
# Visual Studio Version 17
VisualStudioVersion = 17.11.35327.3
MinimumVisualStudioVersion = 10.0.40219.1
Project("{FAE04EC0-301F-11D3-BF4B-00C04F79EFBC}") = "AddressBook", "AddressBook\AddressBook.csproj", "{9AD21863-0711-4598-BE9C-815647D062AB}"
EndProject
Global
	GlobalSection(SolutionConfigurationPlatforms) = preSolution
		Debug|Any CPU = Debug|Any CPU
		Release|Any CPU = Release|Any CPU
	EndGlobalSection
	GlobalSection(ProjectConfigurationPlatforms) = postSolution
		{9AD21863-0711-4598-BE9C-815647D062AB}.Debug|Any CPU.ActiveCfg = Debug|Any CPU
		{9AD21863-0711-4598-BE9C-815647D062AB}.Debug|Any CPU.Build.0 = Debug|Any CPU
		{9AD21863-0711-4598-BE9C-815647D062AB}.Release|Any CPU.ActiveCfg = Release|Any CPU
		{9AD21863-0711-4598-BE9C-815647D062AB}.Release|Any CPU.Build.0 = Release|Any CPU
	EndGlobalSection
	GlobalSection(SolutionProperties) = preSolution
		HideSolutionNode = FALSE
	EndGlobalSection
	GlobalSection(ExtensibilityGlobals) = postSolution
		SolutionGuid = {52F3022C-5914-4C13-B8E1-B9076FFFC128}
	EndGlobalSection
EndGlobal
