
Microsoft Visual Studio Solution File, Format Version 12.00
# Visual Studio Version 17
VisualStudioVersion = 17.10.35027.167
MinimumVisualStudioVersion = 10.0.40219.1
Project("{FAE04EC0-301F-11D3-BF4B-00C04F79EFBC}") = "JobProviderModule", "JobProviderModule.csproj", "{DE59C2C0-C066-4CF1-8190-F9AF991A3E20}"
EndProject
Global
	GlobalSection(SolutionConfigurationPlatforms) = preSolution
		Debug|Any CPU = Debug|Any CPU
		Release|Any CPU = Release|Any CPU
	EndGlobalSection
	GlobalSection(ProjectConfigurationPlatforms) = postSolution
		{DE59C2C0-C066-4CF1-8190-F9AF991A3E20}.Debug|Any CPU.ActiveCfg = Debug|Any CPU
		{DE59C2C0-C066-4CF1-8190-F9AF991A3E20}.Debug|Any CPU.Build.0 = Debug|Any CPU
		{DE59C2C0-C066-4CF1-8190-F9AF991A3E20}.Release|Any CPU.ActiveCfg = Release|Any CPU
		{DE59C2C0-C066-4CF1-8190-F9AF991A3E20}.Release|Any CPU.Build.0 = Release|Any CPU
	EndGlobalSection
	GlobalSection(SolutionProperties) = preSolution
		HideSolutionNode = FALSE
	EndGlobalSection
	GlobalSection(ExtensibilityGlobals) = postSolution
		SolutionGuid = {88C6B587-D182-449B-B53F-52A04A2C42F2}
	EndGlobalSection
EndGlobal
