
Microsoft Visual Studio Solution File, Format Version 12.00
# Visual Studio Version 17
VisualStudioVersion = 17.14.36310.24 d17.14
MinimumVisualStudioVersion = 10.0.40219.1
Project("{FAE04EC0-301F-11D3-BF4B-00C04F79EFBC}") = "exercise", "exercise\exercise.csproj", "{DE2EF745-36E5-4F37-A158-0E0D3B878A10}"
EndProject
Global
	GlobalSection(SolutionConfigurationPlatforms) = preSolution
		Debug|Any CPU = Debug|Any CPU
		Release|Any CPU = Release|Any CPU
	EndGlobalSection
	GlobalSection(ProjectConfigurationPlatforms) = postSolution
		{DE2EF745-36E5-4F37-A158-0E0D3B878A10}.Debug|Any CPU.ActiveCfg = Debug|Any CPU
		{DE2EF745-36E5-4F37-A158-0E0D3B878A10}.Debug|Any CPU.Build.0 = Debug|Any CPU
		{DE2EF745-36E5-4F37-A158-0E0D3B878A10}.Release|Any CPU.ActiveCfg = Release|Any CPU
		{DE2EF745-36E5-4F37-A158-0E0D3B878A10}.Release|Any CPU.Build.0 = Release|Any CPU
	EndGlobalSection
	GlobalSection(SolutionProperties) = preSolution
		HideSolutionNode = FALSE
	EndGlobalSection
	GlobalSection(ExtensibilityGlobals) = postSolution
		SolutionGuid = {C73AAA0F-058C-474B-A31E-1A470AF2C18C}
	EndGlobalSection
EndGlobal
