
Microsoft Visual Studio Solution File, Format Version 12.00
# Visual Studio Version 17
VisualStudioVersion = 17.11.35327.3
MinimumVisualStudioVersion = 10.0.40219.1
Project("{FAE04EC0-301F-11D3-BF4B-00C04F79EFBC}") = "StudentScoringSystem", "StudentScoringSystem\StudentScoringSystem.csproj", "{3B1F4D56-0882-4F85-8C86-FA566FF4C45A}"
EndProject
Global
	GlobalSection(SolutionConfigurationPlatforms) = preSolution
		Debug|Any CPU = Debug|Any CPU
		Release|Any CPU = Release|Any CPU
	EndGlobalSection
	GlobalSection(ProjectConfigurationPlatforms) = postSolution
		{3B1F4D56-0882-4F85-8C86-FA566FF4C45A}.Debug|Any CPU.ActiveCfg = Debug|Any CPU
		{3B1F4D56-0882-4F85-8C86-FA566FF4C45A}.Debug|Any CPU.Build.0 = Debug|Any CPU
		{3B1F4D56-0882-4F85-8C86-FA566FF4C45A}.Release|Any CPU.ActiveCfg = Release|Any CPU
		{3B1F4D56-0882-4F85-8C86-FA566FF4C45A}.Release|Any CPU.Build.0 = Release|Any CPU
	EndGlobalSection
	GlobalSection(SolutionProperties) = preSolution
		HideSolutionNode = FALSE
	EndGlobalSection
	GlobalSection(ExtensibilityGlobals) = postSolution
		SolutionGuid = {0448ADBB-08E4-4AC0-A1C2-F89358F7F1C9}
	EndGlobalSection
EndGlobal
