
Microsoft Visual Studio Solution File, Format Version 12.00
# Visual Studio Version 17
VisualStudioVersion = 17.14.36310.24 d17.14
MinimumVisualStudioVersion = 10.0.40219.1
Project("{FAE04EC0-301F-11D3-BF4B-00C04F79EFBC}") = "encapsulation", "encapsulation\encapsulation.csproj", "{CDA22217-7814-47A8-BA3D-72DA326B5F17}"
EndProject
Global
	GlobalSection(SolutionConfigurationPlatforms) = preSolution
		Debug|Any CPU = Debug|Any CPU
		Release|Any CPU = Release|Any CPU
	EndGlobalSection
	GlobalSection(ProjectConfigurationPlatforms) = postSolution
		{CDA22217-7814-47A8-BA3D-72DA326B5F17}.Debug|Any CPU.ActiveCfg = Debug|Any CPU
		{CDA22217-7814-47A8-BA3D-72DA326B5F17}.Debug|Any CPU.Build.0 = Debug|Any CPU
		{CDA22217-7814-47A8-BA3D-72DA326B5F17}.Release|Any CPU.ActiveCfg = Release|Any CPU
		{CDA22217-7814-47A8-BA3D-72DA326B5F17}.Release|Any CPU.Build.0 = Release|Any CPU
	EndGlobalSection
	GlobalSection(SolutionProperties) = preSolution
		HideSolutionNode = FALSE
	EndGlobalSection
	GlobalSection(ExtensibilityGlobals) = postSolution
		SolutionGuid = {6BD5BB6A-5087-48B6-9154-8BAB12678571}
	EndGlobalSection
EndGlobal
